# This file is automatically @generated by Cargo.
# It is not intended for manual editing.
version = 3

[[package]]
name = "conductor"
version = "0.1.0"

[[package]]
name = "conductor-cli"
version = "0.1.0"
dependencies = [
 "conductor",
]

[[package]]
name = "conductor-sim"
version = "0.1.0"
dependencies = [
 "conductor",
]
